PODS:
  - AFNetworking (4.0.1):
    - AFNetworking/NSURLSession (= 4.0.1)
    - AFNetworking/Reachability (= 4.0.1)
    - AFNetworking/Security (= 4.0.1)
    - AFNetworking/Serialization (= 4.0.1)
    - AFNetworking/UIKit (= 4.0.1)
  - AFNetworking/NSURLSession (4.0.1):
    - AFNetworking/Reachability
    - AFNetworking/Security
    - AFNetworking/Serialization
  - AFNetworking/Reachability (4.0.1)
  - AFNetworking/Security (4.0.1)
  - AFNetworking/Serialization (4.0.1)
  - AFNetworking/UIKit (4.0.1):
    - AFNetworking/NSURLSession
  - Masonry (1.1.0)
  - MJExtension (3.2.4)
  - MJRefresh (3.5.0)
  - Realm (10.7.0):
    - Realm/Headers (= 10.7.0)
  - Realm/Headers (10.7.0)
  - RTRootNavigationController (0.7.2):
    - RTRootNavigationController/Core (= 0.7.2)
  - RTRootNavigationController/Core (0.7.2)
  - SDCycleScrollView (1.82):
    - SDWebImage (>= 5.0.0)
  - SDWebImage (5.10.4):
    - SDWebImage/Core (= 5.10.4)
  - SDWebImage/Core (5.10.4)
  - YNCommonTools (1.1.1):
    - MJRefresh
    - RTRootNavigationController
    - YNCommonTools/Catetory (= 1.1.1)
    - YNCommonTools/Module (= 1.1.1)
  - YNCommonTools/Catetory (1.1.1):
    - MJRefresh
    - RTRootNavigationController
  - YNCommonTools/Module (1.1.1):
    - MJRefresh
    - RTRootNavigationController
    - YNCommonTools/Module/Refresh (= 1.1.1)
    - YNCommonTools/Module/TWTextInputView (= 1.1.1)
    - YNCommonTools/Module/WSDatePickerView (= 1.1.1)
    - YNCommonTools/Module/YNBannerView (= 1.1.1)
    - YNCommonTools/Module/YNRBDMuteSwitch (= 1.1.1)
    - YNCommonTools/Module/YNVerifyCodeView (= 1.1.1)
  - YNCommonTools/Module/Refresh (1.1.1):
    - MJRefresh
    - RTRootNavigationController
  - YNCommonTools/Module/TWTextInputView (1.1.1):
    - MJRefresh
    - RTRootNavigationController
  - YNCommonTools/Module/WSDatePickerView (1.1.1):
    - MJRefresh
    - RTRootNavigationController
    - YNCommonTools/Catetory
  - YNCommonTools/Module/YNBannerView (1.1.1):
    - MJRefresh
    - RTRootNavigationController
    - YNCommonTools/Module/YNRBDMuteSwitch
  - YNCommonTools/Module/YNRBDMuteSwitch (1.1.1):
    - MJRefresh
    - RTRootNavigationController
  - YNCommonTools/Module/YNVerifyCodeView (1.1.1):
    - MJRefresh
    - RTRootNavigationController

DEPENDENCIES:
  - AFNetworking
  - Masonry
  - MJExtension
  - Realm
  - SDCycleScrollView
  - SDWebImage
  - YNCommonTools

SPEC REPOS:
  https://github.com/CocoaPods/Specs.git:
    - AFNetworking
    - Masonry
    - MJExtension
    - MJRefresh
    - Realm
    - RTRootNavigationController
    - SDCycleScrollView
    - SDWebImage
    - YNCommonTools

SPEC CHECKSUMS:
  AFNetworking: 7864c38297c79aaca1500c33288e429c3451fdce
  Masonry: 678fab65091a9290e40e2832a55e7ab731aad201
  MJExtension: 88e0900751b6cac8de1cf724ca9838a0b28d5acb
  MJRefresh: 6afc955813966afb08305477dd7a0d9ad5e79a16
  Realm: a03c41a3afbda6c197ba4dfba5428b8b54cc2df4
  RTRootNavigationController: 8344c2352d6d40fa370d0366efae2c84a945213f
  SDCycleScrollView: a0d74c3384caa72bdfc81470bdbc8c14b3e1fbcf
  SDWebImage: c666b97e1fa9c64b4909816a903322018f0a9c84
  YNCommonTools: 8e1a4a96b961e0087b348d87d37e872e0b0bcb1b

PODFILE CHECKSUM: ef4970a9723f86691e6f28a09c6c99cbe713d68f

COCOAPODS: 1.10.1
